
Microsoft Visual Studio Solution File, Format Version 12.00
# Visual Studio 15
VisualStudioVersion = 15.0.25920.0
MinimumVisualStudioVersion = 10.0.40219.1
Project("{2150E333-8FDC-42A3-9474-1A3956D46DE8}") = "src", "src", "{215A0614-E6C3-4335-8416-0BDB56AA573C}"
EndProject
Project("{9A19103F-16F7-4668-BE54-9A1E7A4F7556}") = "SM.Service", "src\SM.Service\SM.Service.csproj", "{473D8414-03CA-4BC4-8282-3A2FE0055485}"
EndProject
Global
	GlobalSection(SolutionConfigurationPlatforms) = preSolution
		Debug|Any CPU = Debug|Any CPU
		Debug|x64 = Debug|x64
		Debug|x86 = Debug|x86
		Release|Any CPU = Release|Any CPU
		Release|x64 = Release|x64
		Release|x86 = Release|x86
	EndGlobalSection
	GlobalSection(ProjectConfigurationPlatforms) = postSolution
		{473D8414-03CA-4BC4-8282-3A2FE0055485}.Debug|Any CPU.ActiveCfg = Debug|Any CPU
		{473D8414-03CA-4BC4-8282-3A2FE0055485}.Debug|Any CPU.Build.0 = Debug|Any CPU
		{473D8414-03CA-4BC4-8282-3A2FE0055485}.Debug|x64.ActiveCfg = Debug|x64
		{473D8414-03CA-4BC4-8282-3A2FE0055485}.Debug|x64.Build.0 = Debug|x64
		{473D8414-03CA-4BC4-8282-3A2FE0055485}.Debug|x86.ActiveCfg = Debug|x86
		{473D8414-03CA-4BC4-8282-3A2FE0055485}.Debug|x86.Build.0 = Debug|x86
		{473D8414-03CA-4BC4-8282-3A2FE0055485}.Release|Any CPU.ActiveCfg = Release|Any CPU
		{473D8414-03CA-4BC4-8282-3A2FE0055485}.Release|Any CPU.Build.0 = Release|Any CPU
		{473D8414-03CA-4BC4-8282-3A2FE0055485}.Release|x64.ActiveCfg = Release|x64
		{473D8414-03CA-4BC4-8282-3A2FE0055485}.Release|x64.Build.0 = Release|x64
		{473D8414-03CA-4BC4-8282-3A2FE0055485}.Release|x86.ActiveCfg = Release|x86
		{473D8414-03CA-4BC4-8282-3A2FE0055485}.Release|x86.Build.0 = Release|x86
	EndGlobalSection
	GlobalSection(SolutionProperties) = preSolution
		HideSolutionNode = FALSE
	EndGlobalSection
	GlobalSection(NestedProjects) = preSolution
		{473D8414-03CA-4BC4-8282-3A2FE0055485} = {215A0614-E6C3-4335-8416-0BDB56AA573C}
	EndGlobalSection
EndGlobal
