Microsoft Visual Studio Solution File, Format Version 12.00
# Visual Studio 15
VisualStudioVersion = 15.0.26228.9
MinimumVisualStudioVersion = 10.0.40219.1
Project("{FAE04EC0-301F-11D3-BF4B-00C04F79EFBC}") = "Service", "Service\Service.csproj", "{957A2BD6-C781-4E28-8315-37F3365A53CA}"
EndProject
Project("{FAE04EC0-301F-11D3-BF4B-00C04F79EFBC}") = "Service.Tests", "Service.Tests\Service.Tests.csproj", "{5BF4F10A-1812-4080-99FA-D3B8DA8D5571}"
EndProject
Global
	GlobalSection(SolutionConfigurationPlatforms) = preSolution
		Debug|Any CPU = Debug|Any CPU
		Debug|x64 = Debug|x64
		Debug|x86 = Debug|x86
		Release|Any CPU = Release|Any CPU
		Release|x64 = Release|x64
		Release|x86 = Release|x86
	EndGlobalSection
	GlobalSection(ProjectConfigurationPlatforms) = postSolution
		{957A2BD6-C781-4E28-8315-37F3365A53CA}.Debug|Any CPU.ActiveCfg = Debug|Any CPU
		{957A2BD6-C781-4E28-8315-37F3365A53CA}.Debug|Any CPU.Build.0 = Debug|Any CPU
		{957A2BD6-C781-4E28-8315-37F3365A53CA}.Debug|x64.ActiveCfg = Debug|Any CPU
		{957A2BD6-C781-4E28-8315-37F3365A53CA}.Debug|x64.Build.0 = Debug|Any CPU
		{957A2BD6-C781-4E28-8315-37F3365A53CA}.Debug|x86.ActiveCfg = Debug|Any CPU
		{957A2BD6-C781-4E28-8315-37F3365A53CA}.Debug|x86.Build.0 = Debug|Any CPU
		{957A2BD6-C781-4E28-8315-37F3365A53CA}.Release|Any CPU.ActiveCfg = Release|Any CPU
		{957A2BD6-C781-4E28-8315-37F3365A53CA}.Release|Any CPU.Build.0 = Release|Any CPU
		{957A2BD6-C781-4E28-8315-37F3365A53CA}.Release|x64.ActiveCfg = Release|Any CPU
		{957A2BD6-C781-4E28-8315-37F3365A53CA}.Release|x64.Build.0 = Release|Any CPU
		{957A2BD6-C781-4E28-8315-37F3365A53CA}.Release|x86.ActiveCfg = Release|Any CPU
		{957A2BD6-C781-4E28-8315-37F3365A53CA}.Release|x86.Build.0 = Release|Any CPU
		{5BF4F10A-1812-4080-99FA-D3B8DA8D5571}.Debug|Any CPU.ActiveCfg = Debug|Any CPU
		{5BF4F10A-1812-4080-99FA-D3B8DA8D5571}.Debug|Any CPU.Build.0 = Debug|Any CPU
		{5BF4F10A-1812-4080-99FA-D3B8DA8D5571}.Debug|x64.ActiveCfg = Debug|Any CPU
		{5BF4F10A-1812-4080-99FA-D3B8DA8D5571}.Debug|x64.Build.0 = Debug|Any CPU
		{5BF4F10A-1812-4080-99FA-D3B8DA8D5571}.Debug|x86.ActiveCfg = Debug|Any CPU
		{5BF4F10A-1812-4080-99FA-D3B8DA8D5571}.Debug|x86.Build.0 = Debug|Any CPU
		{5BF4F10A-1812-4080-99FA-D3B8DA8D5571}.Release|Any CPU.ActiveCfg = Release|Any CPU
		{5BF4F10A-1812-4080-99FA-D3B8DA8D5571}.Release|Any CPU.Build.0 = Release|Any CPU
		{5BF4F10A-1812-4080-99FA-D3B8DA8D5571}.Release|x64.ActiveCfg = Release|Any CPU
		{5BF4F10A-1812-4080-99FA-D3B8DA8D5571}.Release|x64.Build.0 = Release|Any CPU
		{5BF4F10A-1812-4080-99FA-D3B8DA8D5571}.Release|x86.ActiveCfg = Release|Any CPU
		{5BF4F10A-1812-4080-99FA-D3B8DA8D5571}.Release|x86.Build.0 = Release|Any CPU
	EndGlobalSection
	GlobalSection(SolutionProperties) = preSolution
		HideSolutionNode = FALSE
	EndGlobalSection
	GlobalSection(NestedProjects) = preSolution
	EndGlobalSection
EndGlobal
