{
  "name": "stitch-marker",
  "version": "0.0.1",
  "lockfileVersion": 1,
  "requires": true,
  "dependencies": {
    "@polymer/app-layout": {
      "version": "3.0.0-pre.21",
      "resolved": "https://registry.npmjs.org/@polymer/app-layout/-/app-layout-3.0.0-pre.21.tgz",
      "integrity": "sha512-yQpUQR3zFJWb/sS5wU1prcuyjL6yzKD7L+qRoK0TYLcS7kHO6k3vB4ufHg//lN4HHhOvw3Q5dwe2bgVdlm0ELw==",
      "requires": {
        "@polymer/iron-flex-layout": "3.0.0-pre.21",
        "@polymer/iron-media-query": "3.0.0-pre.21",
        "@polymer/iron-resizable-behavior": "3.0.0-pre.21",
        "@polymer/iron-scroll-target-behavior": "3.0.0-pre.21",
        "@polymer/polymer": "3.0.5"
      }
    },
    "@polymer/app-route": {
      "version": "3.0.0-pre.21",
      "resolved": "https://registry.npmjs.org/@polymer/app-route/-/app-route-3.0.0-pre.21.tgz",
      "integrity": "sha512-LNYGgz9s4Gi/ykjJbOvTaqbM7fPlhZzhhfrQt/2WPc6/qCNzCKT2G3qqYUiMFnMvjIrAIT6Bqn8GAMFFUHQVQw==",
      "requires": {
        "@polymer/iron-location": "3.0.0-pre.21",
        "@polymer/polymer": "3.0.5"
      }
    },
    "@polymer/font-roboto": {
      "version": "3.0.0-pre.21",
      "resolved": "https://registry.npmjs.org/@polymer/font-roboto/-/font-roboto-3.0.0-pre.21.tgz",
      "integrity": "sha512-1DnYDaoyTeSmZzocj7jhHS8tM1j+FJNTrMEOyudLKF8sqGzmlz48XyMRbt4RL4pO9szz5vJ8xhS+4WUPHFj9OA=="
    },
    "@polymer/iron-a11y-announcer": {
      "version": "3.0.0-pre.21",
      "resolved": "https://registry.npmjs.org/@polymer/iron-a11y-announcer/-/iron-a11y-announcer-3.0.0-pre.21.tgz",
      "integrity": "sha512-n35ck7y5aQweRxK2JvEe7sFE/LbUd/b5EW8tYPa/96iZw1qcTHWtIKdMJjDH18YroKVFH4Ncz4/0Xg7GChLhvA==",
      "requires": {
        "@polymer/polymer": "3.0.5"
      }
    },
    "@polymer/iron-a11y-keys-behavior": {
      "version": "3.0.0-pre.21",
      "resolved": "https://registry.npmjs.org/@polymer/iron-a11y-keys-behavior/-/iron-a11y-keys-behavior-3.0.0-pre.21.tgz",
      "integrity": "sha512-fdADeKVQsZ7Izg5H6pOM9VVFWMTVUGgMfGr6jzEW0ehZT6N7bTzBIjft2r8sh3qSx2zCUxQEgUUDoeXE9/yROA==",
      "requires": {
        "@polymer/polymer": "3.0.5"
      }
    },
    "@polymer/iron-autogrow-textarea": {
      "version": "3.0.0-pre.21",
      "resolved": "https://registry.npmjs.org/@polymer/iron-autogrow-textarea/-/iron-autogrow-textarea-3.0.0-pre.21.tgz",
      "integrity": "sha512-sMpNcSeq0lR54y4K+tWbK6WI1e8Fbl7JRXWfIOFQuggzKRQf/snSpTTJicgGRgDmctt7kNQOh/r1XQelLdPcZg==",
      "requires": {
        "@polymer/iron-behaviors": "3.0.0-pre.21",
        "@polymer/iron-flex-layout": "3.0.0-pre.21",
        "@polymer/iron-validatable-behavior": "3.0.0-pre.21",
        "@polymer/polymer": "3.0.5"
      }
    },
    "@polymer/iron-behaviors": {
      "version": "3.0.0-pre.21",
      "resolved": "https://registry.npmjs.org/@polymer/iron-behaviors/-/iron-behaviors-3.0.0-pre.21.tgz",
      "integrity": "sha512-sxdLri6CMNs6kty8sPDYGuAX9LofbEn2r/qI3QkJZUXFZhZUSGwCmoDt9yMWffNSamUsEDURLafYW09jOEhtRQ==",
      "requires": {
        "@polymer/iron-a11y-keys-behavior": "3.0.0-pre.21",
        "@polymer/polymer": "3.0.5"
      }
    },
    "@polymer/iron-checked-element-behavior": {
      "version": "3.0.0-pre.21",
      "resolved": "https://registry.npmjs.org/@polymer/iron-checked-element-behavior/-/iron-checked-element-behavior-3.0.0-pre.21.tgz",
      "integrity": "sha512-ZpyKomXudcOM1vGvfqwFkrlTumChStbNy5rRFKbdCbsUeZsXV83LIHfkXxMhJJ5hEIExvK4pDcnv/wEdFggXPQ==",
      "requires": {
        "@polymer/iron-form-element-behavior": "3.0.0-pre.21",
        "@polymer/iron-validatable-behavior": "3.0.0-pre.21",
        "@polymer/polymer": "3.0.5"
      }
    },
    "@polymer/iron-dropdown": {
      "version": "3.0.0-pre.21",
      "resolved": "https://registry.npmjs.org/@polymer/iron-dropdown/-/iron-dropdown-3.0.0-pre.21.tgz",
      "integrity": "sha512-0fMnxf4p2fArEwRHvMNrDjDTsHQuUkgukzSq/ERww3oWBVPlYxMCTv5ikUFqLfupvjSYNoONxcjOt4V9VFiNow==",
      "requires": {
        "@polymer/iron-behaviors": "3.0.0-pre.21",
        "@polymer/iron-overlay-behavior": "3.0.0-pre.21",
        "@polymer/neon-animation": "3.0.0-pre.21",
        "@polymer/polymer": "3.0.5"
      }
    },
    "@polymer/iron-fit-behavior": {
      "version": "3.0.0-pre.21",
      "resolved": "https://registry.npmjs.org/@polymer/iron-fit-behavior/-/iron-fit-behavior-3.0.0-pre.21.tgz",
      "integrity": "sha512-j3F59w4xGfVbmw8PQruQz4b7tHpi2cmgVeuOuQM6eG0+wA6hu5O2I+LYJCQmCLuQN8LzFjATTOCDfhlDb2Pfcg==",
      "requires": {
        "@polymer/polymer": "3.0.5"
      }
    },
    "@polymer/iron-flex-layout": {
      "version": "3.0.0-pre.21",
      "resolved": "https://registry.npmjs.org/@polymer/iron-flex-layout/-/iron-flex-layout-3.0.0-pre.21.tgz",
      "integrity": "sha512-/GFBWLBhpzycXmdyS+rzQxCa/ssCX5ZGEa0M/oMRsUK/hUKrj/XBNNYZ3BlyHf2NHELNqnwZLcIZB5EPjA0uwg==",
      "requires": {
        "@polymer/polymer": "3.0.5"
      }
    },
    "@polymer/iron-form-element-behavior": {
      "version": "3.0.0-pre.21",
      "resolved": "https://registry.npmjs.org/@polymer/iron-form-element-behavior/-/iron-form-element-behavior-3.0.0-pre.21.tgz",
      "integrity": "sha512-E9oS0ryZw7FPQ/XMmBaKScyv8l/z86kKpIfXm+WLbqapu5FIuNE54z/73QUs5uoKI+H8gR9UL48mzZGCiGEMDw==",
      "requires": {
        "@polymer/polymer": "3.0.5"
      }
    },
    "@polymer/iron-icon": {
      "version": "3.0.0-pre.21",
      "resolved": "https://registry.npmjs.org/@polymer/iron-icon/-/iron-icon-3.0.0-pre.21.tgz",
      "integrity": "sha512-B/6ncM/JiKYOCkYtIsgztZuMzmMWAR5POGQ0r7TU0RaBzKstqTvn6NfRHeNzYjsOwBMse/wA6/qvgvCRgx6kWw==",
      "requires": {
        "@polymer/iron-flex-layout": "3.0.0-pre.21",
        "@polymer/iron-meta": "3.0.0-pre.21",
        "@polymer/polymer": "3.0.5"
      }
    },
    "@polymer/iron-icons": {
      "version": "3.0.0-pre.21",
      "resolved": "https://registry.npmjs.org/@polymer/iron-icons/-/iron-icons-3.0.0-pre.21.tgz",
      "integrity": "sha512-ExwaHlToVXl3BN3y2sYiutVqf9+vrnVx8/PdaNkwvDaBt1RTyeGN5EP3YGvKsaF17yq9TlJsnLOANvf1koO/XA==",
      "requires": {
        "@polymer/iron-icon": "3.0.0-pre.21",
        "@polymer/iron-iconset-svg": "3.0.0-pre.21",
        "@polymer/polymer": "3.0.5"
      }
    },
    "@polymer/iron-iconset-svg": {
      "version": "3.0.0-pre.21",
      "resolved": "https://registry.npmjs.org/@polymer/iron-iconset-svg/-/iron-iconset-svg-3.0.0-pre.21.tgz",
      "integrity": "sha512-YWdX3QROFHKsGds9wUDbD2u1hN6uG6oG4fEu/F16aHFQg9tu2oiSyRspGsOQlXJ28177Qc2rxQ1Kp8GdlzpMbw==",
      "requires": {
        "@polymer/iron-meta": "3.0.0-pre.21",
        "@polymer/polymer": "3.0.5"
      }
    },
    "@polymer/iron-image": {
      "version": "3.0.0-pre.21",
      "resolved": "https://registry.npmjs.org/@polymer/iron-image/-/iron-image-3.0.0-pre.21.tgz",
      "integrity": "sha512-2gYmp4D/W6CEWdSIqajE85bm0wYTK49doKSFFsehnO8E7/DINV1PyS9yuH/Y9g+iHiWLFwFm/dYPkLbfMa+Fwg==",
      "requires": {
        "@polymer/polymer": "3.0.5"
      }
    },
    "@polymer/iron-input": {
      "version": "3.0.0-pre.21",
      "resolved": "https://registry.npmjs.org/@polymer/iron-input/-/iron-input-3.0.0-pre.21.tgz",
      "integrity": "sha512-76XxEoP6rugsEma+V1nIV8Nd76hqhseQ+bBf6Sgda69bUvanxCmVs4TOVXSnh3SnfptBUfENVws3akJKrTgoLg==",
      "requires": {
        "@polymer/iron-a11y-announcer": "3.0.0-pre.21",
        "@polymer/iron-validatable-behavior": "3.0.0-pre.21",
        "@polymer/polymer": "3.0.5"
      }
    },
    "@polymer/iron-location": {
      "version": "3.0.0-pre.21",
      "resolved": "https://registry.npmjs.org/@polymer/iron-location/-/iron-location-3.0.0-pre.21.tgz",
      "integrity": "sha512-NIAAGKkvUkfkVg3lge4r66WdcTXTZfhNwADWwh5REcM5rubqMWb6PKb+K/6bumDEODYtI5waL3ewOeFMdONUHA==",
      "requires": {
        "@polymer/polymer": "3.0.5"
      }
    },
    "@polymer/iron-media-query": {
      "version": "3.0.0-pre.21",
      "resolved": "https://registry.npmjs.org/@polymer/iron-media-query/-/iron-media-query-3.0.0-pre.21.tgz",
      "integrity": "sha512-hvuNZj53XBU6LDU93VDkOozH3Kn6Gd7hsi/KlOCHPocQFhCz+ChM3uSfC7Jf0cBLvS1VpH0hxUDAvQNlrx9H/w==",
      "requires": {
        "@polymer/polymer": "3.0.5"
      }
    },
    "@polymer/iron-menu-behavior": {
      "version": "3.0.0-pre.21",
      "resolved": "https://registry.npmjs.org/@polymer/iron-menu-behavior/-/iron-menu-behavior-3.0.0-pre.21.tgz",
      "integrity": "sha512-HYd2YTLFAvOQ1Q8+eEE0imPpo+l/MPTtyh7jR14JuphWjCLzv/S0gba+CTmsVGKozLIkI+eDH2WwDLaP2q+76A==",
      "requires": {
        "@polymer/iron-a11y-keys-behavior": "3.0.0-pre.21",
        "@polymer/iron-flex-layout": "3.0.0-pre.21",
        "@polymer/iron-selector": "3.0.0-pre.21",
        "@polymer/polymer": "3.0.5"
      }
    },
    "@polymer/iron-meta": {
      "version": "3.0.0-pre.21",
      "resolved": "https://registry.npmjs.org/@polymer/iron-meta/-/iron-meta-3.0.0-pre.21.tgz",
      "integrity": "sha512-RR24zD2t4rSJyjisMo5Cfy200FFYrsmRDZSX8wk1JdaDHVWLgq9DM1aa7/B7WI7sEWkckzVZPBthRFVB+PmVwA==",
      "requires": {
        "@polymer/polymer": "3.0.5"
      }
    },
    "@polymer/iron-overlay-behavior": {
      "version": "3.0.0-pre.21",
      "resolved": "https://registry.npmjs.org/@polymer/iron-overlay-behavior/-/iron-overlay-behavior-3.0.0-pre.21.tgz",
      "integrity": "sha512-aHGtygYEXmFu0Y13vLuBfXm/obNlGnb4JdKCycB931ugfrloEwYo+8DcPyWdc3J0dMJDhv7pH8VZJglNdUQjZA==",
      "requires": {
        "@polymer/iron-a11y-keys-behavior": "3.0.0-pre.21",
        "@polymer/iron-fit-behavior": "3.0.0-pre.21",
        "@polymer/iron-resizable-behavior": "3.0.0-pre.21",
        "@polymer/polymer": "3.0.5"
      }
    },
    "@polymer/iron-pages": {
      "version": "3.0.0-pre.21",
      "resolved": "https://registry.npmjs.org/@polymer/iron-pages/-/iron-pages-3.0.0-pre.21.tgz",
      "integrity": "sha512-RriSSsfOeSPjhcb8gujCsQ7um0611yDkk14MYoAZwH6rIfnZhsXco4+lsAMbMtU4GhVLLC4+jutGKCXzFVhpLg==",
      "requires": {
        "@polymer/iron-resizable-behavior": "3.0.0-pre.21",
        "@polymer/iron-selector": "3.0.0-pre.21",
        "@polymer/polymer": "3.0.5"
      }
    },
    "@polymer/iron-range-behavior": {
      "version": "3.0.0-pre.21",
      "resolved": "https://registry.npmjs.org/@polymer/iron-range-behavior/-/iron-range-behavior-3.0.0-pre.21.tgz",
      "integrity": "sha512-2Fehcs9onjKIw18KivnOdH40sjy7Sn4l5OhCr8Zu7QBcB3MSBUxyEorRerzh3hVmUB5Y4WwXVFCCmz3SoEGoiA==",
      "requires": {
        "@polymer/polymer": "3.0.5"
      }
    },
    "@polymer/iron-resizable-behavior": {
      "version": "3.0.0-pre.21",
      "resolved": "https://registry.npmjs.org/@polymer/iron-resizable-behavior/-/iron-resizable-behavior-3.0.0-pre.21.tgz",
      "integrity": "sha512-V27DpRXUofbz8K43U5ITC2N/LIrqIrrmaslNxrnasTheiDiienpZDFBTCjO+eGz61Cijjs39VIEYF9TezbDY8A==",
      "requires": {
        "@polymer/polymer": "3.0.5"
      }
    },
    "@polymer/iron-scroll-target-behavior": {
      "version": "3.0.0-pre.21",
      "resolved": "https://registry.npmjs.org/@polymer/iron-scroll-target-behavior/-/iron-scroll-target-behavior-3.0.0-pre.21.tgz",
      "integrity": "sha512-bHW5eKtXmSHzZbMAo7cUgORkLKToMawY4+jHQCUyghmX+pRCnedOF56YJW96Ix60/NzU1SLrEin1RMDjlISw/w==",
      "requires": {
        "@polymer/polymer": "3.0.5"
      }
    },
    "@polymer/iron-selector": {
      "version": "3.0.0-pre.21",
      "resolved": "https://registry.npmjs.org/@polymer/iron-selector/-/iron-selector-3.0.0-pre.21.tgz",
      "integrity": "sha512-vfBRGY1EggP/mk7AbZAzVfYaPVh+ZCcH4mX8QccW8ZTrU0F6QXhoPAgss0gAFc+pz79C3irqDfVvoViQrmOUDw==",
      "requires": {
        "@polymer/polymer": "3.0.5"
      }
    },
    "@polymer/iron-validatable-behavior": {
      "version": "3.0.0-pre.21",
      "resolved": "https://registry.npmjs.org/@polymer/iron-validatable-behavior/-/iron-validatable-behavior-3.0.0-pre.21.tgz",
      "integrity": "sha512-G4yxCe2xp9+jJ0MkjqC26MKo1FqsvUrnmqpCtJiVBLlpZEUx1b2lZz2ZzynXpnisg9EuZ3xtHtOge5UFTNoG+w==",
      "requires": {
        "@polymer/iron-meta": "3.0.0-pre.21",
        "@polymer/polymer": "3.0.5"
      }
    },
    "@polymer/neon-animation": {
      "version": "3.0.0-pre.21",
      "resolved": "https://registry.npmjs.org/@polymer/neon-animation/-/neon-animation-3.0.0-pre.21.tgz",
      "integrity": "sha512-aOretgBxXazpGHKqn2FepGi5VHi7tzht2IeyGHG9J9S6k955cohZQ3twThT76ZhLi4Tlu761cCu9YwFg2aLxUQ==",
      "requires": {
        "@polymer/iron-resizable-behavior": "3.0.0-pre.21",
        "@polymer/iron-selector": "3.0.0-pre.21",
        "@polymer/polymer": "3.0.5"
      }
    },
    "@polymer/paper-behaviors": {
      "version": "3.0.0-pre.21",
      "resolved": "https://registry.npmjs.org/@polymer/paper-behaviors/-/paper-behaviors-3.0.0-pre.21.tgz",
      "integrity": "sha512-CiS/1K9b+b5qxpykr5P/ZeO5le06H7aaR/ymPWJ/m0ioFcSyzRPWlEwjDwiqqCBCmwmdsLXvLYmB2Z6oLiXqPQ==",
      "requires": {
        "@polymer/iron-behaviors": "3.0.0-pre.21",
        "@polymer/iron-checked-element-behavior": "3.0.0-pre.21",
        "@polymer/paper-ripple": "3.0.0-pre.21",
        "@polymer/polymer": "3.0.5"
      }
    },
    "@polymer/paper-button": {
      "version": "3.0.0-pre.21",
      "resolved": "https://registry.npmjs.org/@polymer/paper-button/-/paper-button-3.0.0-pre.21.tgz",
      "integrity": "sha512-V4GBy/3MK0uA3XRwds87XxCCGVUdsSi4gzCw4wBXtJdPF/nUr/mWPgUcQO7bx4Yz7Bih7PxYcRPSPN5lucMjRw==",
      "requires": {
        "@polymer/iron-flex-layout": "3.0.0-pre.21",
        "@polymer/paper-behaviors": "3.0.0-pre.21",
        "@polymer/paper-styles": "3.0.0-pre.21",
        "@polymer/polymer": "3.0.5"
      }
    },
    "@polymer/paper-card": {
      "version": "3.0.0-pre.21",
      "resolved": "https://registry.npmjs.org/@polymer/paper-card/-/paper-card-3.0.0-pre.21.tgz",
      "integrity": "sha512-HWV+zSt8znSOX9XquELsxh+hBWrisXmB8AaS5d6+gXodQ2SXPp00ViS3Yh1EcrR/8sIAknqHVlCvTVCHrDVW2g==",
      "requires": {
        "@polymer/iron-flex-layout": "3.0.0-pre.21",
        "@polymer/iron-image": "3.0.0-pre.21",
        "@polymer/paper-styles": "3.0.0-pre.21",
        "@polymer/polymer": "3.0.5"
      }
    },
    "@polymer/paper-checkbox": {
      "version": "3.0.0-pre.21",
      "resolved": "https://registry.npmjs.org/@polymer/paper-checkbox/-/paper-checkbox-3.0.0-pre.21.tgz",
      "integrity": "sha512-hse+QWlc0PhMeEc8t9cD42hCwfclezp+aGl2MVNnzu5YE/fiUeBx/joSIq6v2Q4O/PuXiqVOmLBX+MPqtv6/dA==",
      "requires": {
        "@polymer/iron-a11y-keys-behavior": "3.0.0-pre.21",
        "@polymer/iron-checked-element-behavior": "3.0.0-pre.21",
        "@polymer/paper-behaviors": "3.0.0-pre.21",
        "@polymer/paper-ripple": "3.0.0-pre.21",
        "@polymer/paper-styles": "3.0.0-pre.21",
        "@polymer/polymer": "3.0.5"
      }
    },
    "@polymer/paper-fab": {
      "version": "3.0.0-pre.21",
      "resolved": "https://registry.npmjs.org/@polymer/paper-fab/-/paper-fab-3.0.0-pre.21.tgz",
      "integrity": "sha512-Z8gRabgrOqNGCYmlzYchmCxiMI6spy7Y9ab32cEbNZUefX1FCA/nczBiPZc/pUMZazEIqTAzN2FtaptpAR8y4w==",
      "requires": {
        "@polymer/iron-flex-layout": "3.0.0-pre.21",
        "@polymer/iron-icon": "3.0.0-pre.21",
        "@polymer/paper-behaviors": "3.0.0-pre.21",
        "@polymer/paper-styles": "3.0.0-pre.21",
        "@polymer/polymer": "3.0.5"
      }
    },
    "@polymer/paper-header-panel": {
      "version": "3.0.0-pre.21",
      "resolved": "https://registry.npmjs.org/@polymer/paper-header-panel/-/paper-header-panel-3.0.0-pre.21.tgz",
      "integrity": "sha512-3xx6fQ2jLKaXj0g4CFVnOo+YE2Bj5wQDNcPuqYIDc+Nd/uv4QcHUwEq0B0XQwf7RGpPFixOGPqAAzNgFXOnzzQ==",
      "requires": {
        "@polymer/iron-flex-layout": "3.0.0-pre.21",
        "@polymer/polymer": "3.0.5"
      }
    },
    "@polymer/paper-icon-button": {
      "version": "3.0.0-pre.21",
      "resolved": "https://registry.npmjs.org/@polymer/paper-icon-button/-/paper-icon-button-3.0.0-pre.21.tgz",
      "integrity": "sha512-H+kx7v6R7+Hd6A6hSt+bsCMzbTPArty8yGFqTKpjsvGFCVfRHcIwoKrHqgQ0CX/JHmn2Zs+tF0IIdtiHjJYegg==",
      "requires": {
        "@polymer/iron-icon": "3.0.0-pre.21",
        "@polymer/paper-behaviors": "3.0.0-pre.21",
        "@polymer/paper-styles": "3.0.0-pre.21",
        "@polymer/polymer": "3.0.5"
      }
    },
    "@polymer/paper-input": {
      "version": "3.0.0-pre.21",
      "resolved": "https://registry.npmjs.org/@polymer/paper-input/-/paper-input-3.0.0-pre.21.tgz",
      "integrity": "sha512-xBRiy9QHS47Yfkv+242qRr1KFvoI1t7VS6kl+fr/pF3fS4WCT4T0oNOaDoOaj7iMmGSRPOgE2Y2+0FC0pl2yIw==",
      "requires": {
        "@polymer/iron-a11y-keys-behavior": "3.0.0-pre.21",
        "@polymer/iron-autogrow-textarea": "3.0.0-pre.21",
        "@polymer/iron-behaviors": "3.0.0-pre.21",
        "@polymer/iron-form-element-behavior": "3.0.0-pre.21",
        "@polymer/iron-input": "3.0.0-pre.21",
        "@polymer/paper-styles": "3.0.0-pre.21",
        "@polymer/polymer": "3.0.5"
      }
    },
    "@polymer/paper-item": {
      "version": "3.0.0-pre.21",
      "resolved": "https://registry.npmjs.org/@polymer/paper-item/-/paper-item-3.0.0-pre.21.tgz",
      "integrity": "sha512-B1VsZWM1wksV7TUmo6TVaAoXncwOnckSxtiZAmUlu+F50MbD8QgddM0Y+/vhEBAx9org4P++WFJSci2Q3btTSw==",
      "requires": {
        "@polymer/iron-behaviors": "3.0.0-pre.21",
        "@polymer/iron-flex-layout": "3.0.0-pre.21",
        "@polymer/paper-styles": "3.0.0-pre.21",
        "@polymer/polymer": "3.0.5"
      }
    },
    "@polymer/paper-listbox": {
      "version": "3.0.0-pre.21",
      "resolved": "https://registry.npmjs.org/@polymer/paper-listbox/-/paper-listbox-3.0.0-pre.21.tgz",
      "integrity": "sha512-3yNTcLBktPumgzZfIBR7tiRvDptYQ84hQDE82XXuCU0VxAhuNblWAqIg2pVFrLOn9zcZ5pyWpo0/qHlSw0W/rw==",
      "requires": {
        "@polymer/iron-behaviors": "3.0.0-pre.21",
        "@polymer/iron-menu-behavior": "3.0.0-pre.21",
        "@polymer/paper-styles": "3.0.0-pre.21",
        "@polymer/polymer": "3.0.5"
      }
    },
    "@polymer/paper-menu-button": {
      "version": "3.0.0-pre.21",
      "resolved": "https://registry.npmjs.org/@polymer/paper-menu-button/-/paper-menu-button-3.0.0-pre.21.tgz",
      "integrity": "sha512-nF4ncCsELt4Bb2zGw012TbtO3c71p0y86f+dHoX36ZqDD/2l0R4sOdGqIxfvY9rsqPlaKzFnEPLhKSQFln7JGg==",
      "requires": {
        "@polymer/iron-a11y-keys-behavior": "3.0.0-pre.21",
        "@polymer/iron-behaviors": "3.0.0-pre.21",
        "@polymer/iron-dropdown": "3.0.0-pre.21",
        "@polymer/iron-fit-behavior": "3.0.0-pre.21",
        "@polymer/neon-animation": "3.0.0-pre.21",
        "@polymer/paper-styles": "3.0.0-pre.21",
        "@polymer/polymer": "3.0.5"
      }
    },
    "@polymer/paper-progress": {
      "version": "3.0.0-pre.21",
      "resolved": "https://registry.npmjs.org/@polymer/paper-progress/-/paper-progress-3.0.0-pre.21.tgz",
      "integrity": "sha512-U4uEaU77uJexdu9qPxMiiZDnD/OHSjKHTmgjyNqDzrF+Qzt4WKJtv2fsBXFf4kXvQgIXwIQBMBjn8uXXo4TrTw==",
      "requires": {
        "@polymer/iron-flex-layout": "3.0.0-pre.21",
        "@polymer/iron-range-behavior": "3.0.0-pre.21",
        "@polymer/paper-styles": "3.0.0-pre.21",
        "@polymer/polymer": "3.0.5"
      }
    },
    "@polymer/paper-radio-button": {
      "version": "3.0.0-pre.21",
      "resolved": "https://registry.npmjs.org/@polymer/paper-radio-button/-/paper-radio-button-3.0.0-pre.21.tgz",
      "integrity": "sha512-tfHl08k/xTobtPadBF7DBX53ybMa/p6uRXDPBIfWFXXzA3sEuuwKa25z8KqLMcpMkrZDHiaIcwxD9lAK5oEXeg==",
      "requires": {
        "@polymer/iron-checked-element-behavior": "3.0.0-pre.21",
        "@polymer/iron-flex-layout": "3.0.0-pre.21",
        "@polymer/paper-behaviors": "3.0.0-pre.21",
        "@polymer/paper-styles": "3.0.0-pre.21",
        "@polymer/polymer": "3.0.5"
      }
    },
    "@polymer/paper-radio-group": {
      "version": "3.0.0-pre.21",
      "resolved": "https://registry.npmjs.org/@polymer/paper-radio-group/-/paper-radio-group-3.0.0-pre.21.tgz",
      "integrity": "sha512-sUxtgILE24jISZiXn/g5V44YuqXm623/4Ixe5CwJoG+Nfxsq+OCHJGJQc8KyyIrM380QAT1E6mZYyiH4X3P2Ag==",
      "requires": {
        "@polymer/iron-a11y-keys-behavior": "3.0.0-pre.21",
        "@polymer/iron-menu-behavior": "3.0.0-pre.21",
        "@polymer/paper-radio-button": "3.0.0-pre.21",
        "@polymer/polymer": "3.0.5"
      }
    },
    "@polymer/paper-ripple": {
      "version": "3.0.0-pre.21",
      "resolved": "https://registry.npmjs.org/@polymer/paper-ripple/-/paper-ripple-3.0.0-pre.21.tgz",
      "integrity": "sha512-qqNdU1/57WtMr+3NiAVI2zXw4LrEX9QD9jwifIgJXWj+lqe0YMeKrXOvCYHvV8nv9Owq7dRGvhOXM++E+imoLQ==",
      "requires": {
        "@polymer/iron-a11y-keys-behavior": "3.0.0-pre.21",
        "@polymer/polymer": "3.0.5"
      }
    },
    "@polymer/paper-spinner": {
      "version": "3.0.0-pre.21",
      "resolved": "https://registry.npmjs.org/@polymer/paper-spinner/-/paper-spinner-3.0.0-pre.21.tgz",
      "integrity": "sha512-pidDc+/31iHLicOexx9Skg52RpgU5KMmq9/pPPHIhf2p1SKlM656MXb8yLy2NQ2ZRMoVGa47ukz3q4E6KPZTfg==",
      "requires": {
        "@polymer/paper-styles": "3.0.0-pre.21",
        "@polymer/polymer": "3.0.5"
      }
    },
    "@polymer/paper-styles": {
      "version": "3.0.0-pre.21",
      "resolved": "https://registry.npmjs.org/@polymer/paper-styles/-/paper-styles-3.0.0-pre.21.tgz",
      "integrity": "sha512-GJB0EirkY17N05kbTMDa8aABvQ2GIE95LMt7aOy16VG6sjh1TFS0gUOnoGgHA7ZUUZsOP3BdNqxKYzgQ+9m/GA==",
      "requires": {
        "@polymer/font-roboto": "3.0.0-pre.21",
        "@polymer/iron-flex-layout": "3.0.0-pre.21",
        "@polymer/polymer": "3.0.5"
      }
    },
    "@polymer/paper-tabs": {
      "version": "3.0.0-pre.21",
      "resolved": "https://registry.npmjs.org/@polymer/paper-tabs/-/paper-tabs-3.0.0-pre.21.tgz",
      "integrity": "sha512-kxjTRrieGNggKwSI4iGLghxeTWsH81udPqa/GWXr3jBAVhdHxJ11ebpi0af4ES6sUWFEoAPsSA8PWM8aHRx3xw==",
      "requires": {
        "@polymer/iron-behaviors": "3.0.0-pre.21",
        "@polymer/iron-flex-layout": "3.0.0-pre.21",
        "@polymer/iron-icon": "3.0.0-pre.21",
        "@polymer/iron-iconset-svg": "3.0.0-pre.21",
        "@polymer/iron-menu-behavior": "3.0.0-pre.21",
        "@polymer/iron-resizable-behavior": "3.0.0-pre.21",
        "@polymer/paper-behaviors": "3.0.0-pre.21",
        "@polymer/paper-icon-button": "3.0.0-pre.21",
        "@polymer/paper-styles": "3.0.0-pre.21",
        "@polymer/polymer": "3.0.5"
      }
    },
    "@polymer/paper-toast": {
      "version": "3.0.0-pre.21",
      "resolved": "https://registry.npmjs.org/@polymer/paper-toast/-/paper-toast-3.0.0-pre.21.tgz",
      "integrity": "sha512-7jaAfpYxz86CUcgUhE/CCrCSh5kMNIC6c0+rerUozraVOmbbQGO2C4CLu/8aaJjxzqPdnTxyZwME82zHCu2qhw==",
      "requires": {
        "@polymer/iron-a11y-announcer": "3.0.0-pre.21",
        "@polymer/iron-fit-behavior": "3.0.0-pre.21",
        "@polymer/iron-overlay-behavior": "3.0.0-pre.21",
        "@polymer/polymer": "3.0.5"
      }
    },
    "@polymer/paper-toolbar": {
      "version": "3.0.0-pre.21",
      "resolved": "https://registry.npmjs.org/@polymer/paper-toolbar/-/paper-toolbar-3.0.0-pre.21.tgz",
      "integrity": "sha512-gQHmf3wjtB1lox5kTyGMWTPqC8I33fAQXmtJ57md+56rLyuwfSQ36lll/qycm+JfcrR6w1CND1NkjPGaGmWqQw==",
      "requires": {
        "@polymer/iron-flex-layout": "3.0.0-pre.21",
        "@polymer/paper-styles": "3.0.0-pre.21",
        "@polymer/polymer": "3.0.5"
      }
    },
    "@polymer/polymer": {
      "version": "3.0.5",
      "resolved": "https://registry.npmjs.org/@polymer/polymer/-/polymer-3.0.5.tgz",
      "integrity": "sha512-Zbmhtr5vZ3NoHWwFYLKI4ff7yfE6DZopI8vaS7HvmUIuNqsv/EpEDXfNEYjqePQmkMX5LU9OIKV1eX/+9aveow==",
      "requires": {
        "@webcomponents/shadycss": "1.5.0"
      }
    },
    "@vaadin/vaadin-button": {
      "version": "2.1.0",
      "resolved": "https://registry.npmjs.org/@vaadin/vaadin-button/-/vaadin-button-2.1.0.tgz",
      "integrity": "sha512-NdMcUa02UViO02hCC8t1wH3ekaVgkxwkaW11+Mf9vlpQzzlFI/nDE4ueSdhfAY3iDGbDhbTVRPES8Sl9Xu4qgA==",
      "requires": {
        "@polymer/polymer": "3.0.5",
        "@vaadin/vaadin-control-state-mixin": "2.1.1",
        "@vaadin/vaadin-element-mixin": "2.1.1",
        "@vaadin/vaadin-lumo-styles": "1.1.1",
        "@vaadin/vaadin-material-styles": "1.1.1",
        "@vaadin/vaadin-themable-mixin": "1.2.1"
      },
      "dependencies": {
        "@vaadin/vaadin-element-mixin": {
          "version": "2.1.1",
          "resolved": "https://registry.npmjs.org/@vaadin/vaadin-element-mixin/-/vaadin-element-mixin-2.1.1.tgz",
          "integrity": "sha512-L5kTcdIenB9yYTWSgZnseLErmWl/aTw+z+zUHSxz8JNd352CzAFKZpnIOLwUHjYcxitMzQtpVWey0tiDY0xleg==",
          "requires": {
            "@polymer/polymer": "3.0.5",
            "@vaadin/vaadin-development-mode-detector": "2.0.0",
            "@vaadin/vaadin-usage-statistics": "2.0.1"
          }
        }
      }
    },
    "@vaadin/vaadin-control-state-mixin": {
      "version": "2.1.1",
      "resolved": "https://registry.npmjs.org/@vaadin/vaadin-control-state-mixin/-/vaadin-control-state-mixin-2.1.1.tgz",
      "integrity": "sha512-YYhDdEdnFQOAoLY4SVJB5eUZHGAw/YTIeEEql6lHLlENDYuJ7eaniNhL5mIuQTf/uqSauTl1c1S/IJl3D8zGPw==",
      "requires": {
        "@polymer/polymer": "3.0.5"
      }
    },
    "@vaadin/vaadin-development-mode-detector": {
      "version": "2.0.0",
      "resolved": "https://registry.npmjs.org/@vaadin/vaadin-development-mode-detector/-/vaadin-development-mode-detector-2.0.0.tgz",
      "integrity": "sha512-pzSaUqn+lJbTL2ZC6NCAfhyMymMYg2p4DzeUXdyInJISwSWmgh9RlRVpAGhi6MIUOKC7kGeKPAiB4vyWsEhzDg=="
    },
    "@vaadin/vaadin-element-mixin": {
      "version": "1.1.2",
      "resolved": "https://registry.npmjs.org/@vaadin/vaadin-element-mixin/-/vaadin-element-mixin-1.1.2.tgz",
      "integrity": "sha512-gsnX2/xZZG8HqD9rbEyyXSJRv0BrTYU0RocjtGzGfD86rZiKhmPML04gD+0Sg74d3TH9HzCSvzeMKnQ0Zog12g==",
      "requires": {
        "@polymer/polymer": "3.0.5",
        "@vaadin/vaadin-development-mode-detector": "1.1.0-beta1",
        "@vaadin/vaadin-usage-statistics": "1.1.0-beta1"
      },
      "dependencies": {
        "@vaadin/vaadin-development-mode-detector": {
          "version": "1.1.0-beta1",
          "resolved": "https://registry.npmjs.org/@vaadin/vaadin-development-mode-detector/-/vaadin-development-mode-detector-1.1.0-beta1.tgz",
          "integrity": "sha512-ZVTqTrc1zNnAe1yejnV+fREglqX/mO3brInMCtjmbbrDuQ6s/6xfkAUl3b7o/nppGnxZUS683hyuK1Ie05zuUg==",
          "requires": {
            "@polymer/polymer": "3.0.5"
          }
        },
        "@vaadin/vaadin-usage-statistics": {
          "version": "1.1.0-beta1",
          "resolved": "https://registry.npmjs.org/@vaadin/vaadin-usage-statistics/-/vaadin-usage-statistics-1.1.0-beta1.tgz",
          "integrity": "sha512-ribGDrQg6NI/Wf1JEZdNEEAb6oFdDJmuVoSSwoiBzvkUPr+qHn+3VaKUlan0kfdOHNeQPDllbIqSSeqfjz2EKw==",
          "requires": {
            "@polymer/polymer": "3.0.5"
          }
        }
      }
    },
    "@vaadin/vaadin-lumo-styles": {
      "version": "1.1.1",
      "resolved": "https://registry.npmjs.org/@vaadin/vaadin-lumo-styles/-/vaadin-lumo-styles-1.1.1.tgz",
      "integrity": "sha512-fE0i4jhK5EwlXt0rkjESdK1BzMkQhm0/eLQn5bmy3ydlLNp6XRRWImK6fGD5zywVkt84F9ysT/3hLodGGNSluQ==",
      "requires": {
        "@polymer/iron-icon": "3.0.0-pre.21",
        "@polymer/iron-iconset-svg": "3.0.0-pre.21",
        "@polymer/polymer": "3.0.5"
      }
    },
    "@vaadin/vaadin-material-styles": {
      "version": "1.1.1",
      "resolved": "https://registry.npmjs.org/@vaadin/vaadin-material-styles/-/vaadin-material-styles-1.1.1.tgz",
      "integrity": "sha512-4spyV24v9ow9lxarxRyM8SEJV21rn4iIghD+Udq9lDE8do802/6WykJZcm8eXjkd9S/eoNLWuXGpTR1SgeH+Jg=="
    },
    "@vaadin/vaadin-progress-bar": {
      "version": "1.1.0-beta2",
      "resolved": "https://registry.npmjs.org/@vaadin/vaadin-progress-bar/-/vaadin-progress-bar-1.1.0-beta2.tgz",
      "integrity": "sha512-EGEbr5+dvDrRXgM+CuhIJuIQexrWTY7rJKVMCNQro2BL2lEEHRFTMqXiBKCRiAfOsPuP28dHvCH0mehCei2Xrw==",
      "requires": {
        "@polymer/polymer": "3.0.5",
        "@vaadin/vaadin-element-mixin": "1.1.2",
        "@vaadin/vaadin-lumo-styles": "1.1.1",
        "@vaadin/vaadin-material-styles": "1.1.1",
        "@vaadin/vaadin-themable-mixin": "1.2.1"
      }
    },
    "@vaadin/vaadin-themable-mixin": {
      "version": "1.2.1",
      "resolved": "https://registry.npmjs.org/@vaadin/vaadin-themable-mixin/-/vaadin-themable-mixin-1.2.1.tgz",
      "integrity": "sha512-5mWCS/Xv2A2pFLtTSNcXl6VuUklihhXfm8JY5MzVaRRg4idYhRroDGIILGTa3NaMDWC9BaTWJgNa+g9rkMKMXQ==",
      "requires": {
        "@polymer/polymer": "3.0.5"
      }
    },
    "@vaadin/vaadin-upload": {
      "version": "4.2.0-beta2",
      "resolved": "https://registry.npmjs.org/@vaadin/vaadin-upload/-/vaadin-upload-4.2.0-beta2.tgz",
      "integrity": "sha512-LeUhRr42ZRNORVSo67IhiTb4GagfU+pw+UqeNhpRo3v423COiatn4z03PGwh55/W12fyE+DnE9rdQx24xk+pAQ==",
      "requires": {
        "@polymer/polymer": "3.0.5",
        "@vaadin/vaadin-button": "2.1.0",
        "@vaadin/vaadin-element-mixin": "1.1.2",
        "@vaadin/vaadin-lumo-styles": "1.1.1",
        "@vaadin/vaadin-material-styles": "1.1.1",
        "@vaadin/vaadin-progress-bar": "1.1.0-beta2",
        "@vaadin/vaadin-themable-mixin": "1.2.1"
      }
    },
    "@vaadin/vaadin-usage-statistics": {
      "version": "2.0.1",
      "resolved": "https://registry.npmjs.org/@vaadin/vaadin-usage-statistics/-/vaadin-usage-statistics-2.0.1.tgz",
      "integrity": "sha512-8CmbCXZo8Z343jQT3hMVIvdkjzK72r762/UyqjLD54ArjzadneoA+4U6mFGbnbHO7FZpDhc4BKZRb5KAt0ibGg==",
      "requires": {
        "@vaadin/vaadin-development-mode-detector": "2.0.0"
      }
    },
    "@webcomponents/shadycss": {
      "version": "1.5.0",
      "resolved": "https://registry.npmjs.org/@webcomponents/shadycss/-/shadycss-1.5.0.tgz",
      "integrity": "sha512-jNuC7alo3EfiqZPosCruJuMAaUI9qgiuGxFcFyPWjOpo4BP+vgC7hxpTzQYxbIWUgrqkn9lnfPup2hE9c/h/PQ=="
    },
    "@webcomponents/webcomponentsjs": {
      "version": "2.0.4",
      "resolved": "https://registry.npmjs.org/@webcomponents/webcomponentsjs/-/webcomponentsjs-2.0.4.tgz",
      "integrity": "sha512-wzPSTmwjAd/0oKW36Yi+cB/BmDrHhcHqGlbqqMjrbPIFkt5Mw7wtvEZQouCrQyBNnRquUhRnSWIBrRijHNBBKg=="
    },
    "asynckit": {
      "version": "0.4.0",
      "resolved": "https://registry.npmjs.org/asynckit/-/asynckit-0.4.0.tgz",
      "integrity": "sha1-x57Zf380y48robyXkLzDZkdLS3k="
    },
    "auth0-js": {
      "version": "9.7.3",
      "resolved": "https://registry.npmjs.org/auth0-js/-/auth0-js-9.7.3.tgz",
      "integrity": "sha512-iZAqoN4EbsNCS/3VkFPNb4glTyj8hq57T7gcUF+XH8Rua7hBTUzpb101K9zqcdUIBilIdF9XBLCTJ4JGgZ/oFA==",
      "requires": {
        "base64-js": "1.3.0",
        "idtoken-verifier": "1.2.0",
        "js-cookie": "2.2.0",
        "qs": "6.5.2",
        "superagent": "3.8.3",
        "url-join": "1.1.0",
        "winchan": "0.2.0"
      },
      "dependencies": {
        "qs": {
          "version": "6.5.2",
          "resolved": "https://registry.npmjs.org/qs/-/qs-6.5.2.tgz",
          "integrity": "sha512-N5ZAX4/LxJmF+7wN74pUD6qAh9/wnvdQcjq9TZjevvXzSUo7bfmw91saqMjzGS2xq91/odN2dW/WOl7qQHNDGA=="
        }
      }
    },
    "base64-js": {
      "version": "1.3.0",
      "resolved": "https://registry.npmjs.org/base64-js/-/base64-js-1.3.0.tgz",
      "integrity": "sha512-ccav/yGvoa80BQDljCxsmmQ3Xvx60/UpBIij5QN21W3wBi/hhIC9OoO+KLpu9IJTS9j4DRVJ3aDDF9cMSoa2lw=="
    },
    "combined-stream": {
      "version": "1.0.6",
      "resolved": "https://registry.npmjs.org/combined-stream/-/combined-stream-1.0.6.tgz",
      "integrity": "sha1-cj599ugBrFYTETp+RFqbactjKBg=",
      "requires": {
        "delayed-stream": "1.0.0"
      }
    },
    "component-emitter": {
      "version": "1.2.1",
      "resolved": "https://registry.npmjs.org/component-emitter/-/component-emitter-1.2.1.tgz",
      "integrity": "sha1-E3kY1teCg/ffemt8WmPhQOaUJeY="
    },
    "cookiejar": {
      "version": "2.1.2",
      "resolved": "https://registry.npmjs.org/cookiejar/-/cookiejar-2.1.2.tgz",
      "integrity": "sha512-Mw+adcfzPxcPeI+0WlvRrr/3lGVO0bD75SxX6811cxSh1Wbxx7xZBGK1eVtDf6si8rg2lhnUjsVLMFMfbRIuwA=="
    },
    "core-util-is": {
      "version": "1.0.2",
      "resolved": "https://registry.npmjs.org/core-util-is/-/core-util-is-1.0.2.tgz",
      "integrity": "sha1-tf1UIgqivFq1eqtxQMlAdUUDwac="
    },
    "crypto-js": {
      "version": "3.1.9-1",
      "resolved": "https://registry.npmjs.org/crypto-js/-/crypto-js-3.1.9-1.tgz",
      "integrity": "sha1-/aGedh/Ad+Af+/3G6f38WeiAbNg="
    },
    "delayed-stream": {
      "version": "1.0.0",
      "resolved": "https://registry.npmjs.org/delayed-stream/-/delayed-stream-1.0.0.tgz",
      "integrity": "sha1-3zrhmayt+31ECqrgsp4icrJOxhk="
    },
    "extend": {
      "version": "3.0.2",
      "resolved": "https://registry.npmjs.org/extend/-/extend-3.0.2.tgz",
      "integrity": "sha512-fjquC59cD7CyW6urNXK0FBufkZcoiGG80wTuPujX590cB5Ttln20E2UB4S/WARVqhXffZl2LNgS+gQdPIIim/g=="
    },
    "form-data": {
      "version": "2.3.2",
      "resolved": "https://registry.npmjs.org/form-data/-/form-data-2.3.2.tgz",
      "integrity": "sha1-SXBJi+YEwgwAXU9cI67NIda0kJk=",
      "requires": {
        "asynckit": "0.4.0",
        "combined-stream": "1.0.6",
        "mime-types": "2.1.19"
      }
    },
    "formidable": {
      "version": "1.2.1",
      "resolved": "https://registry.npmjs.org/formidable/-/formidable-1.2.1.tgz",
      "integrity": "sha512-Fs9VRguL0gqGHkXS5GQiMCr1VhZBxz0JnJs4JmMp/2jL18Fmbzvv7vOFRU+U8TBkHEE/CX1qDXzJplVULgsLeg=="
    },
    "idtoken-verifier": {
      "version": "1.2.0",
      "resolved": "https://registry.npmjs.org/idtoken-verifier/-/idtoken-verifier-1.2.0.tgz",
      "integrity": "sha512-8jmmFHwdPz8L73zGNAXHHOV9yXNC+Z0TUBN5rafpoaFaLFltlIFr1JkQa3FYAETP23eSsulVw0sBiwrE8jqbUg==",
      "requires": {
        "base64-js": "1.3.0",
        "crypto-js": "3.1.9-1",
        "jsbn": "0.1.1",
        "superagent": "3.8.3",
        "url-join": "1.1.0"
      }
    },
    "inherits": {
      "version": "2.0.3",
      "resolved": "https://registry.npmjs.org/inherits/-/inherits-2.0.3.tgz",
      "integrity": "sha1-Yzwsg+PaQqUC9SRmAiSA9CCCYd4="
    },
    "isarray": {
      "version": "1.0.0",
      "resolved": "https://registry.npmjs.org/isarray/-/isarray-1.0.0.tgz",
      "integrity": "sha1-u5NdSFgsuhaMBoNJV6VKPgcSTxE="
    },
    "js-cookie": {
      "version": "2.2.0",
      "resolved": "https://registry.npmjs.org/js-cookie/-/js-cookie-2.2.0.tgz",
      "integrity": "sha1-Gywnmm7s44ChIWi5JIUmWzWx7/s="
    },
    "js-tokens": {
      "version": "4.0.0",
      "resolved": "https://registry.npmjs.org/js-tokens/-/js-tokens-4.0.0.tgz",
      "integrity": "sha512-RdJUflcE3cUzKiMqQgsCu06FPu9UdIJO0beYbPhHN4k6apgJtifcoCtT9bcxOpYBtpD2kCM6Sbzg4CausW/PKQ=="
    },
    "jsbn": {
      "version": "0.1.1",
      "resolved": "https://registry.npmjs.org/jsbn/-/jsbn-0.1.1.tgz",
      "integrity": "sha1-peZUwuWi3rXyAdls77yoDA7y9RM="
    },
    "loose-envify": {
      "version": "1.4.0",
      "resolved": "https://registry.npmjs.org/loose-envify/-/loose-envify-1.4.0.tgz",
      "integrity": "sha512-lyuxPGr/Wfhrlem2CL/UcnUc1zcqKAImBDzukY7Y5F/yQiNdko6+fRLevlw1HgMySw7f611UIY408EtxRSoK3Q==",
      "requires": {
        "js-tokens": "4.0.0"
      }
    },
    "methods": {
      "version": "1.1.2",
      "resolved": "https://registry.npmjs.org/methods/-/methods-1.1.2.tgz",
      "integrity": "sha1-VSmk1nZUE07cxSZmVoNbD4Ua/O4="
    },
    "mime": {
      "version": "1.4.1",
      "resolved": "https://registry.npmjs.org/mime/-/mime-1.4.1.tgz",
      "integrity": "sha512-KI1+qOZu5DcW6wayYHSzR/tXKCDC5Om4s1z2QJjDULzLcmf3DvzS7oluY4HCTrc+9FiKmWUgeNLg7W3uIQvxtQ=="
    },
    "mime-db": {
      "version": "1.35.0",
      "resolved": "https://registry.npmjs.org/mime-db/-/mime-db-1.35.0.tgz",
      "integrity": "sha512-JWT/IcCTsB0Io3AhWUMjRqucrHSPsSf2xKLaRldJVULioggvkJvggZ3VXNNSRkCddE6D+BUI4HEIZIA2OjwIvg=="
    },
    "mime-types": {
      "version": "2.1.19",
      "resolved": "https://registry.npmjs.org/mime-types/-/mime-types-2.1.19.tgz",
      "integrity": "sha512-P1tKYHVSZ6uFo26mtnve4HQFE3koh1UWVkp8YUC+ESBHe945xWSoXuHHiGarDqcEZ+whpCDnlNw5LON0kLo+sw==",
      "requires": {
        "mime-db": "1.35.0"
      }
    },
    "ms": {
      "version": "2.0.0",
      "resolved": "https://registry.npmjs.org/ms/-/ms-2.0.0.tgz",
      "integrity": "sha1-VgiurfwAvmwpAd9fmGF4jeDVl8g="
    },
    "process-nextick-args": {
      "version": "2.0.0",
      "resolved": "https://registry.npmjs.org/process-nextick-args/-/process-nextick-args-2.0.0.tgz",
      "integrity": "sha512-MtEC1TqN0EU5nephaJ4rAtThHtC86dNN9qCuEhtshvpVBkAW5ZO7BASN9REnF9eoXGcRub+pFuKEpOHE+HbEMw=="
    },
    "readable-stream": {
      "version": "2.3.6",
      "resolved": "https://registry.npmjs.org/readable-stream/-/readable-stream-2.3.6.tgz",
      "integrity": "sha512-tQtKA9WIAhBF3+VLAseyMqZeBjW0AHJoxOtYqSUZNJxauErmLbVm2FW1y+J/YA9dUrAC39ITejlZWhVIwawkKw==",
      "requires": {
        "core-util-is": "1.0.2",
        "inherits": "2.0.3",
        "isarray": "1.0.0",
        "process-nextick-args": "2.0.0",
        "safe-buffer": "5.1.2",
        "string_decoder": "1.1.1",
        "util-deprecate": "1.0.2"
      }
    },
    "redux": {
      "version": "4.0.1",
      "resolved": "https://registry.npmjs.org/redux/-/redux-4.0.1.tgz",
      "integrity": "sha512-R7bAtSkk7nY6O/OYMVR9RiBI+XghjF9rlbl5806HJbQph0LJVHZrU5oaO4q70eUKiqMRqm4y07KLTlMZ2BlVmg==",
      "requires": {
        "loose-envify": "1.4.0",
        "symbol-observable": "1.2.0"
      }
    },
    "redux-saga": {
      "version": "0.16.2",
      "resolved": "https://registry.npmjs.org/redux-saga/-/redux-saga-0.16.2.tgz",
      "integrity": "sha512-iIjKnRThI5sKPEASpUvySemjzwqwI13e3qP7oLub+FycCRDysLSAOwt958niZW6LhxfmS6Qm1BzbU70w/Koc4w=="
    },
    "safe-buffer": {
      "version": "5.1.2",
      "resolved": "https://registry.npmjs.org/safe-buffer/-/safe-buffer-5.1.2.tgz",
      "integrity": "sha512-Gd2UZBJDkXlY7GbJxfsE8/nvKkUEU1G38c1siN6QP6a9PT9MmHB8GnpscSmMJSoF8LOIrt8ud/wPtojys4G6+g=="
    },
    "string_decoder": {
      "version": "1.1.1",
      "resolved": "https://registry.npmjs.org/string_decoder/-/string_decoder-1.1.1.tgz",
      "integrity": "sha512-n/ShnvDi6FHbbVfviro+WojiFzv+s8MPMHBczVePfUpDJLwoLT0ht1l4YwBCbi8pJAveEEdnkHyPyTP/mzRfwg==",
      "requires": {
        "safe-buffer": "5.1.2"
      }
    },
    "superagent": {
      "version": "3.8.3",
      "resolved": "https://registry.npmjs.org/superagent/-/superagent-3.8.3.tgz",
      "integrity": "sha512-GLQtLMCoEIK4eDv6OGtkOoSMt3D+oq0y3dsxMuYuDvaNUvuT8eFBuLmfR0iYYzHC1e8hpzC6ZsxbuP6DIalMFA==",
      "requires": {
        "component-emitter": "1.2.1",
        "cookiejar": "2.1.2",
        "debug": "3.1.0",
        "extend": "3.0.2",
        "form-data": "2.3.2",
        "formidable": "1.2.1",
        "methods": "1.1.2",
        "mime": "1.4.1",
        "qs": "6.5.2",
        "readable-stream": "2.3.6"
      },
      "dependencies": {
        "debug": {
          "version": "3.1.0",
          "resolved": "https://registry.npmjs.org/debug/-/debug-3.1.0.tgz",
          "integrity": "sha512-OX8XqP7/1a9cqkxYw2yXss15f26NKWBpDXQd0/uK/KPqdQhxbPa994hnzjcE2VqQpDslf55723cKPUOGSmMY3g==",
          "requires": {
            "ms": "2.0.0"
          }
        },
        "qs": {
          "version": "6.5.2",
          "resolved": "https://registry.npmjs.org/qs/-/qs-6.5.2.tgz",
          "integrity": "sha512-N5ZAX4/LxJmF+7wN74pUD6qAh9/wnvdQcjq9TZjevvXzSUo7bfmw91saqMjzGS2xq91/odN2dW/WOl7qQHNDGA=="
        }
      }
    },
    "symbol-observable": {
      "version": "1.2.0",
      "resolved": "https://registry.npmjs.org/symbol-observable/-/symbol-observable-1.2.0.tgz",
      "integrity": "sha512-e900nM8RRtGhlV36KGEU9k65K3mPb1WV70OdjfxlG2EAuM1noi/E/BaW/uMhL7bPEssK8QV57vN3esixjUvcXQ=="
    },
    "url-join": {
      "version": "1.1.0",
      "resolved": "https://registry.npmjs.org/url-join/-/url-join-1.1.0.tgz",
      "integrity": "sha1-dBxsL0WWxIMNZxhGCSDQySIC3Hg="
    },
    "util-deprecate": {
      "version": "1.0.2",
      "resolved": "https://registry.npmjs.org/util-deprecate/-/util-deprecate-1.0.2.tgz",
      "integrity": "sha1-RQ1Nyfpw3nMnYvvS1KKJgUGaDM8="
    },
    "webfontloader": {
      "version": "1.6.28",
      "resolved": "https://registry.npmjs.org/webfontloader/-/webfontloader-1.6.28.tgz",
      "integrity": "sha1-23hhKSU8tujq5UwvsF+HCvZnW64="
    },
    "winchan": {
      "version": "0.2.0",
      "resolved": "https://registry.npmjs.org/winchan/-/winchan-0.2.0.tgz",
      "integrity": "sha1-OGMCjn+XSw2hQS8oQXukJJcqvZQ="
    }
  }
}
